
Microsoft Visual Studio Solution File, Format Version 12.00
# Visual Studio 15
VisualStudioVersion = 15.0.28307.271
MinimumVisualStudioVersion = 10.0.40219.1
Project("{9A19103F-16F7-4668-BE54-9A1E7A4F7556}") = "ApplicationCore.DataLayer", "ApplicationCore.DataLayer\ApplicationCore.DataLayer.csproj", "{B92917A0-7825-4413-B69C-818007BD902C}"
EndProject
Project("{9A19103F-16F7-4668-BE54-9A1E7A4F7556}") = "ApplicationCore.BusinessLayer", "ApplicationCore.BusinessLayer\ApplicationCore.BusinessLayer.csproj", "{477CFB85-F010-4476-B9A9-23F7AD83910A}"
EndProject
Project("{FAE04EC0-301F-11D3-BF4B-00C04F79EFBC}") = "ApplicationCore.Web", "ApplicationCore.Web\ApplicationCore.Web.csproj", "{43D7EAC2-FC0F-4B84-A69B-99CC1F92679E}"
EndProject
Global
	GlobalSection(SolutionConfigurationPlatforms) = preSolution
		Debug|Any CPU = Debug|Any CPU
		Release|Any CPU = Release|Any CPU
	EndGlobalSection
	GlobalSection(ProjectConfigurationPlatforms) = postSolution
		{B92917A0-7825-4413-B69C-818007BD902C}.Debug|Any CPU.ActiveCfg = Debug|Any CPU
		{B92917A0-7825-4413-B69C-818007BD902C}.Debug|Any CPU.Build.0 = Debug|Any CPU
		{B92917A0-7825-4413-B69C-818007BD902C}.Release|Any CPU.ActiveCfg = Release|Any CPU
		{B92917A0-7825-4413-B69C-818007BD902C}.Release|Any CPU.Build.0 = Release|Any CPU
		{477CFB85-F010-4476-B9A9-23F7AD83910A}.Debug|Any CPU.ActiveCfg = Debug|Any CPU
		{477CFB85-F010-4476-B9A9-23F7AD83910A}.Debug|Any CPU.Build.0 = Debug|Any CPU
		{477CFB85-F010-4476-B9A9-23F7AD83910A}.Release|Any CPU.ActiveCfg = Release|Any CPU
		{477CFB85-F010-4476-B9A9-23F7AD83910A}.Release|Any CPU.Build.0 = Release|Any CPU
		{43D7EAC2-FC0F-4B84-A69B-99CC1F92679E}.Debug|Any CPU.ActiveCfg = Debug|Any CPU
		{43D7EAC2-FC0F-4B84-A69B-99CC1F92679E}.Debug|Any CPU.Build.0 = Debug|Any CPU
		{43D7EAC2-FC0F-4B84-A69B-99CC1F92679E}.Release|Any CPU.ActiveCfg = Release|Any CPU
		{43D7EAC2-FC0F-4B84-A69B-99CC1F92679E}.Release|Any CPU.Build.0 = Release|Any CPU
	EndGlobalSection
	GlobalSection(SolutionProperties) = preSolution
		HideSolutionNode = FALSE
	EndGlobalSection
	GlobalSection(ExtensibilityGlobals) = postSolution
		SolutionGuid = {9FE8D3C4-C3A6-4AA7-8EAC-C930E15698BE}
	EndGlobalSection
EndGlobal
